
Microsoft Visual Studio Solution File, Format Version 12.00
# Visual Studio Version 17
VisualStudioVersion = 17.9.34622.214
MinimumVisualStudioVersion = 10.0.40219.1
Project("{9A19103F-16F7-4668-BE54-9A1E7A4F7556}") = "SKYM_Api", "SKYM_Api.csproj", "{4AFEE395-272D-47C2-9447-3647B5BC538A}"
EndProject
Project("{FAE04EC0-301F-11D3-BF4B-00C04F79EFBC}") = "SKYM-Blazor", "..\SKYM-Blazor\SKYM-Blazor.csproj", "{55E5334F-518F-43C5-882F-5787F1880B90}"
EndProject
Global
	GlobalSection(SolutionConfigurationPlatforms) = preSolution
		Debug|Any CPU = Debug|Any CPU
		Release|Any CPU = Release|Any CPU
	EndGlobalSection
	GlobalSection(ProjectConfigurationPlatforms) = postSolution
		{4AFEE395-272D-47C2-9447-3647B5BC538A}.Debug|Any CPU.ActiveCfg = Debug|Any CPU
		{4AFEE395-272D-47C2-9447-3647B5BC538A}.Debug|Any CPU.Build.0 = Debug|Any CPU
		{4AFEE395-272D-47C2-9447-3647B5BC538A}.Release|Any CPU.ActiveCfg = Release|Any CPU
		{4AFEE395-272D-47C2-9447-3647B5BC538A}.Release|Any CPU.Build.0 = Release|Any CPU
		{55E5334F-518F-43C5-882F-5787F1880B90}.Debug|Any CPU.ActiveCfg = Debug|Any CPU
		{55E5334F-518F-43C5-882F-5787F1880B90}.Debug|Any CPU.Build.0 = Debug|Any CPU
		{55E5334F-518F-43C5-882F-5787F1880B90}.Release|Any CPU.ActiveCfg = Release|Any CPU
		{55E5334F-518F-43C5-882F-5787F1880B90}.Release|Any CPU.Build.0 = Release|Any CPU
	EndGlobalSection
	GlobalSection(SolutionProperties) = preSolution
		HideSolutionNode = FALSE
	EndGlobalSection
	GlobalSection(ExtensibilityGlobals) = postSolution
		SolutionGuid = {799C1258-6EDC-4181-8750-ADB2E8F21023}
	EndGlobalSection
EndGlobal
